{
  "name": "sekiban-dcb-decider-ts-wasm",
  "version": "0.0.0",
  "lockfileVersion": 3,
  "requires": true,
  "packages": {
    "": {
      "name": "sekiban-dcb-decider-ts-wasm",
      "version": "0.0.0",
      "dependencies": {
        "visitor-as": "^0.11.4"
      },
      "devDependencies": {
        "assemblyscript": "^0.27.32",
        "json-as": "^0.9.28"
      }
    },
    "node_modules/as-virtual": {
      "version": "0.2.0",
      "resolved": "https://registry.npmjs.org/as-virtual/-/as-virtual-0.2.0.tgz",
      "integrity": "sha512-zI+8VwD6BPUtXrxs4R7v2N+59OAIBRwiiv9nGIMwcQ/w/lspyaualMqM7yok3jMRglKqLkfOx+dCJimeflEJcA==",
      "dev": true,
      "license": "MIT"
    },
    "node_modules/assemblyscript": {
      "version": "0.27.37",
      "resolved": "https://registry.npmjs.org/assemblyscript/-/assemblyscript-0.27.37.tgz",
      "integrity": "sha512-YtY5k3PiV3SyUQ6gRlR2OCn8dcVRwkpiG/k2T5buoL2ymH/Z/YbaYWbk/f9mO2HTgEtGWjPiAQrIuvA7G/63Gg==",
      "dev": true,
      "license": "Apache-2.0",
      "dependencies": {
        "binaryen": "116.0.0-nightly.20240114",
        "long": "^5.2.4"
      },
      "bin": {
        "asc": "bin/asc.js",
        "asinit": "bin/asinit.js"
      },
      "engines": {
        "node": ">=18",
        "npm": ">=10"
      },
      "funding": {
        "type": "opencollective",
        "url": "https://opencollective.com/assemblyscript"
      }
    },
    "node_modules/binaryen": {
      "version": "116.0.0-nightly.20240114",
      "resolved": "https://registry.npmjs.org/binaryen/-/binaryen-116.0.0-nightly.20240114.tgz",
      "integrity": "sha512-0GZrojJnuhoe+hiwji7QFaL3tBlJoA+KFUN7ouYSDGZLSo9CKM8swQX8n/UcbR0d1VuZKU+nhogNzv423JEu5A==",
      "dev": true,
      "license": "Apache-2.0",
      "bin": {
        "wasm-opt": "bin/wasm-opt",
        "wasm2js": "bin/wasm2js"
      }
    },
    "node_modules/json-as": {
      "version": "0.9.29",
      "resolved": "https://registry.npmjs.org/json-as/-/json-as-0.9.29.tgz",
      "integrity": "sha512-WidNq002yfIHP8t0ID7BMjv2a2EyVcHlz96vgW1/gzqWdWhQMLwyrD2wQ6W9tB2rkPFjPketFTJmNCr35CxlYw==",
      "dev": true,
      "license": "MIT",
      "dependencies": {
        "as-virtual": "^0.2.0"
      }
    },
    "node_modules/lodash.clonedeep": {
      "version": "4.5.0",
      "resolved": "https://registry.npmjs.org/lodash.clonedeep/-/lodash.clonedeep-4.5.0.tgz",
      "integrity": "sha512-H5ZhCF25riFd9uB5UCkVKo61m3S/xZk1x4wA6yp/L3RFP6Z/eHH1ymQcGLo7J3GMPfm0V/7m1tryHuGVxpqEBQ==",
      "license": "MIT"
    },
    "node_modules/long": {
      "version": "5.3.2",
      "resolved": "https://registry.npmjs.org/long/-/long-5.3.2.tgz",
      "integrity": "sha512-mNAgZ1GmyNhD7AuqnTG3/VQ26o760+ZYBPKjPvugO8+nLbYfX6TVpJPseBvopbdY+qpZ/lKUnmEc1LeZYS3QAA==",
      "dev": true,
      "license": "Apache-2.0"
    },
    "node_modules/ts-mixer": {
      "version": "6.0.4",
      "resolved": "https://registry.npmjs.org/ts-mixer/-/ts-mixer-6.0.4.tgz",
      "integrity": "sha512-ufKpbmrugz5Aou4wcr5Wc1UUFWOLhq+Fm6qa6P0w0K5Qw2yhaUoiWszhCVuNQyNwrlGiscHOmqYoAox1PtvgjA==",
      "license": "MIT"
    },
    "node_modules/visitor-as": {
      "version": "0.11.4",
      "resolved": "https://registry.npmjs.org/visitor-as/-/visitor-as-0.11.4.tgz",
      "integrity": "sha512-uih7AooY2V3LhzobjLqyEQzhYYBGeq0y/rZk295foM1Ko498f24NNXBDyM1SgzcLMFCAT/fpmSRco1BpTIdKNQ==",
      "license": "MIT",
      "dependencies": {
        "lodash.clonedeep": "^4.5.0",
        "ts-mixer": "^6.0.2"
      },
      "peerDependencies": {
        "assemblyscript": "^0.25.0"
      }
    }
  }
}
